{
	"name": "@github1/react-redux-common-modules",
	"version": "0.0.0",
	"lockfileVersion": 1,
	"requires": true,
	"dependencies": {
		"@babel/runtime": {
			"version": "7.15.3",
			"resolved": "https://registry.npmjs.org/@babel/runtime/-/runtime-7.15.3.tgz",
			"integrity": "sha512-OvwMLqNXkCXSz1kSm58sEsNuhqOx/fKpnUnKnFB5v8uDda5bLNEHNgKPvhDN6IU0LDcnHQ90LlJ0Q6jnyBSIBA==",
			"requires": {
				"regenerator-runtime": "^0.13.4"
			}
		},
		"@types/prop-types": {
			"version": "15.7.4",
			"resolved": "https://registry.npmjs.org/@types/prop-types/-/prop-types-15.7.4.tgz",
			"integrity": "sha512-rZ5drC/jWjrArrS8BR6SIr4cWpW09RNTYt9AMZo3Jwwif+iacXAqgVjm0B0Bv/S1jhDXKHqRVNCbACkJ89RAnQ==",
			"dev": true
		},
		"@types/react": {
			"version": "16.9.19",
			"resolved": "https://registry.npmjs.org/@types/react/-/react-16.9.19.tgz",
			"integrity": "sha512-LJV97//H+zqKWMms0kvxaKYJDG05U2TtQB3chRLF8MPNs+MQh/H1aGlyDUxjaHvu08EAGerdX2z4LTBc7ns77A==",
			"dev": true,
			"requires": {
				"@types/prop-types": "*",
				"csstype": "^2.2.0"
			}
		},
		"@types/react-test-renderer": {
			"version": "16.9.2",
			"resolved": "https://registry.npmjs.org/@types/react-test-renderer/-/react-test-renderer-16.9.2.tgz",
			"integrity": "sha512-4eJr1JFLIAlWhzDkBCkhrOIWOvOxcCAfQh+jiKg7l/nNZcCIL2MHl2dZhogIFKyHzedVWHaVP1Yydq/Ruu4agw==",
			"dev": true,
			"requires": {
				"@types/react": "*"
			}
		},
		"add-px-to-style": {
			"version": "1.0.0",
			"resolved": "https://registry.npmjs.org/add-px-to-style/-/add-px-to-style-1.0.0.tgz",
			"integrity": "sha1-0ME1RB+oAUqBN5BFMQlvZ/KPJjo="
		},
		"csstype": {
			"version": "2.6.17",
			"resolved": "https://registry.npmjs.org/csstype/-/csstype-2.6.17.tgz",
			"integrity": "sha512-u1wmTI1jJGzCJzWndZo8mk4wnPTZd1eOIYTYvuEyOQGfmDl3TrabCCfKnOC86FZwW/9djqTl933UF/cS425i9A==",
			"dev": true
		},
		"dom-css": {
			"version": "2.1.0",
			"resolved": "https://registry.npmjs.org/dom-css/-/dom-css-2.1.0.tgz",
			"integrity": "sha1-/bwtWgFdCj4YcuEUcrvQ57nmogI=",
			"requires": {
				"add-px-to-style": "1.0.0",
				"prefix-style": "2.0.1",
				"to-camel-case": "1.0.0"
			}
		},
		"get-node-dimensions": {
			"version": "1.2.1",
			"resolved": "https://registry.npmjs.org/get-node-dimensions/-/get-node-dimensions-1.2.1.tgz",
			"integrity": "sha512-2MSPMu7S1iOTL+BOa6K1S62hB2zUAYNF/lV0gSVlOaacd087lc6nR1H1r0e3B1CerTo+RceOmi1iJW+vp21xcQ=="
		},
		"history": {
			"version": "4.7.2",
			"resolved": "https://registry.npmjs.org/history/-/history-4.7.2.tgz",
			"integrity": "sha512-1zkBRWW6XweO0NBcjiphtVJVsIQ+SXF29z9DVkceeaSLVMFXHool+fdCZD4spDCfZJCILPILc3bm7Bc+HRi0nA==",
			"requires": {
				"invariant": "^2.2.1",
				"loose-envify": "^1.2.0",
				"resolve-pathname": "^2.2.0",
				"value-equal": "^0.4.0",
				"warning": "^3.0.0"
			}
		},
		"invariant": {
			"version": "2.2.4",
			"resolved": "https://registry.npmjs.org/invariant/-/invariant-2.2.4.tgz",
			"integrity": "sha512-phJfQVBuaJM5raOpJjSfkiD6BpbCE4Ns//LaXl6wGYtUBY83nWS6Rf9tXm2e8VaK60JEjYldbPif/A2B1C2gNA==",
			"requires": {
				"loose-envify": "^1.0.0"
			}
		},
		"js-tokens": {
			"version": "4.0.0",
			"resolved": "https://registry.npmjs.org/js-tokens/-/js-tokens-4.0.0.tgz",
			"integrity": "sha512-RdJUflcE3cUzKiMqQgsCu06FPu9UdIJO0beYbPhHN4k6apgJtifcoCtT9bcxOpYBtpD2kCM6Sbzg4CausW/PKQ=="
		},
		"json-stringify-safe": {
			"version": "5.0.1",
			"resolved": "https://registry.npmjs.org/json-stringify-safe/-/json-stringify-safe-5.0.1.tgz",
			"integrity": "sha1-Epai1Y/UXxmg9s4B1lcB4sc1tus=",
			"dev": true
		},
		"loose-envify": {
			"version": "1.4.0",
			"resolved": "https://registry.npmjs.org/loose-envify/-/loose-envify-1.4.0.tgz",
			"integrity": "sha512-lyuxPGr/Wfhrlem2CL/UcnUc1zcqKAImBDzukY7Y5F/yQiNdko6+fRLevlw1HgMySw7f611UIY408EtxRSoK3Q==",
			"requires": {
				"js-tokens": "^3.0.0 || ^4.0.0"
			}
		},
		"object-assign": {
			"version": "4.1.1",
			"resolved": "https://registry.npmjs.org/object-assign/-/object-assign-4.1.1.tgz",
			"integrity": "sha1-IQmtx5ZYh8/AXLvUQsrIv7s2CGM="
		},
		"performance-now": {
			"version": "2.1.0",
			"resolved": "https://registry.npmjs.org/performance-now/-/performance-now-2.1.0.tgz",
			"integrity": "sha1-Ywn04OX6kT7BxpMHrjZLSzd8nns="
		},
		"prefix-style": {
			"version": "2.0.1",
			"resolved": "https://registry.npmjs.org/prefix-style/-/prefix-style-2.0.1.tgz",
			"integrity": "sha1-ZrupqHDP2jCKXcIOhekSCTLJWgY="
		},
		"prop-by-string": {
			"version": "1.0.1",
			"resolved": "https://registry.npmjs.org/prop-by-string/-/prop-by-string-1.0.1.tgz",
			"integrity": "sha1-o3aKlBLeJrvPmC6xn7jV7PVzEBo="
		},
		"prop-types": {
			"version": "15.7.2",
			"resolved": "https://registry.npmjs.org/prop-types/-/prop-types-15.7.2.tgz",
			"integrity": "sha512-8QQikdH7//R2vurIJSutZ1smHYTcLpRWEOlHnzcWHmBYrOGUysKwSsrC89BCiFj3CbrfJ/nXFdJepOVrY1GCHQ==",
			"requires": {
				"loose-envify": "^1.4.0",
				"object-assign": "^4.1.1",
				"react-is": "^16.8.1"
			}
		},
		"raf": {
			"version": "3.4.1",
			"resolved": "https://registry.npmjs.org/raf/-/raf-3.4.1.tgz",
			"integrity": "sha512-Sq4CW4QhwOHE8ucn6J34MqtZCeWFP2aQSmrlroYgqAV1PjStIhJXxYuTgUIfkEk7zTLjmIjLmU5q+fbD1NnOJA==",
			"requires": {
				"performance-now": "^2.1.0"
			}
		},
		"react": {
			"version": "16.14.0",
			"resolved": "https://registry.npmjs.org/react/-/react-16.14.0.tgz",
			"integrity": "sha512-0X2CImDkJGApiAlcf0ODKIneSwBPhqJawOa5wCtKbu7ZECrmS26NvtSILynQ66cgkT/RJ4LidJOc3bUESwmU8g==",
			"dev": true,
			"requires": {
				"loose-envify": "^1.1.0",
				"object-assign": "^4.1.1",
				"prop-types": "^15.6.2"
			},
			"dependencies": {
				"js-tokens": {
					"version": "4.0.0",
					"resolved": "https://registry.npmjs.org/js-tokens/-/js-tokens-4.0.0.tgz",
					"integrity": "sha512-RdJUflcE3cUzKiMqQgsCu06FPu9UdIJO0beYbPhHN4k6apgJtifcoCtT9bcxOpYBtpD2kCM6Sbzg4CausW/PKQ==",
					"dev": true
				},
				"loose-envify": {
					"version": "1.4.0",
					"resolved": "https://registry.npmjs.org/loose-envify/-/loose-envify-1.4.0.tgz",
					"integrity": "sha512-lyuxPGr/Wfhrlem2CL/UcnUc1zcqKAImBDzukY7Y5F/yQiNdko6+fRLevlw1HgMySw7f611UIY408EtxRSoK3Q==",
					"dev": true,
					"requires": {
						"js-tokens": "^3.0.0 || ^4.0.0"
					}
				},
				"object-assign": {
					"version": "4.1.1",
					"resolved": "https://registry.npmjs.org/object-assign/-/object-assign-4.1.1.tgz",
					"integrity": "sha1-IQmtx5ZYh8/AXLvUQsrIv7s2CGM=",
					"dev": true
				},
				"prop-types": {
					"version": "15.7.2",
					"resolved": "https://registry.npmjs.org/prop-types/-/prop-types-15.7.2.tgz",
					"integrity": "sha512-8QQikdH7//R2vurIJSutZ1smHYTcLpRWEOlHnzcWHmBYrOGUysKwSsrC89BCiFj3CbrfJ/nXFdJepOVrY1GCHQ==",
					"dev": true,
					"requires": {
						"loose-envify": "^1.4.0",
						"object-assign": "^4.1.1",
						"react-is": "^16.8.1"
					}
				},
				"react-is": {
					"version": "16.13.1",
					"resolved": "https://registry.npmjs.org/react-is/-/react-is-16.13.1.tgz",
					"integrity": "sha512-24e6ynE2H+OKt4kqsOvNd8kBpV65zoxbA4BVsEOB3ARVWQki/DHzaUoC5KuON/BiccDaCCTZBuOcfZs70kR8bQ==",
					"dev": true
				}
			}
		},
		"react-custom-scrollbars": {
			"version": "4.2.1",
			"resolved": "https://registry.npmjs.org/react-custom-scrollbars/-/react-custom-scrollbars-4.2.1.tgz",
			"integrity": "sha1-gw/ZUCkn6X6KeMIIaBOJmyqLZts=",
			"requires": {
				"dom-css": "^2.0.0",
				"prop-types": "^15.5.10",
				"raf": "^3.1.0"
			}
		},
		"react-dom": {
			"version": "16.14.0",
			"resolved": "https://registry.npmjs.org/react-dom/-/react-dom-16.14.0.tgz",
			"integrity": "sha512-1gCeQXDLoIqMgqD3IO2Ah9bnf0w9kzhwN5q4FGnHZ67hBm9yePzB5JJAIQCc8x3pFnNlwFq4RidZggNAAkzWWw==",
			"dev": true,
			"requires": {
				"loose-envify": "^1.1.0",
				"object-assign": "^4.1.1",
				"prop-types": "^15.6.2",
				"scheduler": "^0.19.1"
			},
			"dependencies": {
				"js-tokens": {
					"version": "4.0.0",
					"resolved": "https://registry.npmjs.org/js-tokens/-/js-tokens-4.0.0.tgz",
					"integrity": "sha512-RdJUflcE3cUzKiMqQgsCu06FPu9UdIJO0beYbPhHN4k6apgJtifcoCtT9bcxOpYBtpD2kCM6Sbzg4CausW/PKQ==",
					"dev": true
				},
				"loose-envify": {
					"version": "1.4.0",
					"resolved": "https://registry.npmjs.org/loose-envify/-/loose-envify-1.4.0.tgz",
					"integrity": "sha512-lyuxPGr/Wfhrlem2CL/UcnUc1zcqKAImBDzukY7Y5F/yQiNdko6+fRLevlw1HgMySw7f611UIY408EtxRSoK3Q==",
					"dev": true,
					"requires": {
						"js-tokens": "^3.0.0 || ^4.0.0"
					}
				},
				"object-assign": {
					"version": "4.1.1",
					"resolved": "https://registry.npmjs.org/object-assign/-/object-assign-4.1.1.tgz",
					"integrity": "sha1-IQmtx5ZYh8/AXLvUQsrIv7s2CGM=",
					"dev": true
				},
				"prop-types": {
					"version": "15.7.2",
					"resolved": "https://registry.npmjs.org/prop-types/-/prop-types-15.7.2.tgz",
					"integrity": "sha512-8QQikdH7//R2vurIJSutZ1smHYTcLpRWEOlHnzcWHmBYrOGUysKwSsrC89BCiFj3CbrfJ/nXFdJepOVrY1GCHQ==",
					"dev": true,
					"requires": {
						"loose-envify": "^1.4.0",
						"object-assign": "^4.1.1",
						"react-is": "^16.8.1"
					}
				},
				"react-is": {
					"version": "16.13.1",
					"resolved": "https://registry.npmjs.org/react-is/-/react-is-16.13.1.tgz",
					"integrity": "sha512-24e6ynE2H+OKt4kqsOvNd8kBpV65zoxbA4BVsEOB3ARVWQki/DHzaUoC5KuON/BiccDaCCTZBuOcfZs70kR8bQ==",
					"dev": true
				},
				"scheduler": {
					"version": "0.19.1",
					"resolved": "https://registry.npmjs.org/scheduler/-/scheduler-0.19.1.tgz",
					"integrity": "sha512-n/zwRWRYSUj0/3g/otKDRPMh6qv2SYMWNq85IEa8iZyAv8od9zDYpGSnpBEjNgcMNq6Scbu5KfIPxNF72R/2EA==",
					"dev": true,
					"requires": {
						"loose-envify": "^1.1.0",
						"object-assign": "^4.1.1"
					}
				}
			}
		},
		"react-is": {
			"version": "16.13.1",
			"resolved": "https://registry.npmjs.org/react-is/-/react-is-16.13.1.tgz",
			"integrity": "sha512-24e6ynE2H+OKt4kqsOvNd8kBpV65zoxbA4BVsEOB3ARVWQki/DHzaUoC5KuON/BiccDaCCTZBuOcfZs70kR8bQ=="
		},
		"react-measure": {
			"version": "2.3.0",
			"resolved": "https://registry.npmjs.org/react-measure/-/react-measure-2.3.0.tgz",
			"integrity": "sha512-dwAvmiOeblj5Dvpnk8Jm7Q8B4THF/f1l1HtKVi0XDecsG6LXwGvzV5R1H32kq3TW6RW64OAf5aoQxpIgLa4z8A==",
			"requires": {
				"@babel/runtime": "^7.2.0",
				"get-node-dimensions": "^1.2.1",
				"prop-types": "^15.6.2",
				"resize-observer-polyfill": "^1.5.0"
			}
		},
		"react-redux": {
			"version": "7.2.2",
			"resolved": "https://registry.npmjs.org/react-redux/-/react-redux-7.2.2.tgz",
			"integrity": "sha512-8+CQ1EvIVFkYL/vu6Olo7JFLWop1qRUeb46sGtIMDCSpgwPQq8fPLpirIB0iTqFe9XYEFPHssdX8/UwN6pAkEA==",
			"dev": true,
			"requires": {
				"@babel/runtime": "^7.12.1",
				"hoist-non-react-statics": "^3.3.2",
				"loose-envify": "^1.4.0",
				"prop-types": "^15.7.2",
				"react-is": "^16.13.1"
			},
			"dependencies": {
				"@babel/runtime": {
					"version": "7.12.5",
					"resolved": "https://registry.npmjs.org/@babel/runtime/-/runtime-7.12.5.tgz",
					"integrity": "sha512-plcc+hbExy3McchJCEQG3knOsuh3HH+Prx1P6cLIkET/0dLuQDEnrT+s27Axgc9bqfsmNUNHfscgMUdBpC9xfg==",
					"dev": true,
					"requires": {
						"regenerator-runtime": "^0.13.4"
					}
				},
				"hoist-non-react-statics": {
					"version": "3.3.2",
					"resolved": "https://registry.npmjs.org/hoist-non-react-statics/-/hoist-non-react-statics-3.3.2.tgz",
					"integrity": "sha512-/gGivxi8JPKWNm/W0jSmzcMPpfpPLc3dY/6GxhX2hQ9iGj3aDfklV4ET7NjKpSinLpJ5vafa9iiGIEZg10SfBw==",
					"dev": true,
					"requires": {
						"react-is": "^16.7.0"
					}
				},
				"js-tokens": {
					"version": "4.0.0",
					"resolved": "https://registry.npmjs.org/js-tokens/-/js-tokens-4.0.0.tgz",
					"integrity": "sha512-RdJUflcE3cUzKiMqQgsCu06FPu9UdIJO0beYbPhHN4k6apgJtifcoCtT9bcxOpYBtpD2kCM6Sbzg4CausW/PKQ==",
					"dev": true
				},
				"loose-envify": {
					"version": "1.4.0",
					"resolved": "https://registry.npmjs.org/loose-envify/-/loose-envify-1.4.0.tgz",
					"integrity": "sha512-lyuxPGr/Wfhrlem2CL/UcnUc1zcqKAImBDzukY7Y5F/yQiNdko6+fRLevlw1HgMySw7f611UIY408EtxRSoK3Q==",
					"dev": true,
					"requires": {
						"js-tokens": "^3.0.0 || ^4.0.0"
					}
				},
				"object-assign": {
					"version": "4.1.1",
					"resolved": "https://registry.npmjs.org/object-assign/-/object-assign-4.1.1.tgz",
					"integrity": "sha1-IQmtx5ZYh8/AXLvUQsrIv7s2CGM=",
					"dev": true
				},
				"prop-types": {
					"version": "15.7.2",
					"resolved": "https://registry.npmjs.org/prop-types/-/prop-types-15.7.2.tgz",
					"integrity": "sha512-8QQikdH7//R2vurIJSutZ1smHYTcLpRWEOlHnzcWHmBYrOGUysKwSsrC89BCiFj3CbrfJ/nXFdJepOVrY1GCHQ==",
					"dev": true,
					"requires": {
						"loose-envify": "^1.4.0",
						"object-assign": "^4.1.1",
						"react-is": "^16.8.1"
					}
				},
				"react-is": {
					"version": "16.13.1",
					"resolved": "https://registry.npmjs.org/react-is/-/react-is-16.13.1.tgz",
					"integrity": "sha512-24e6ynE2H+OKt4kqsOvNd8kBpV65zoxbA4BVsEOB3ARVWQki/DHzaUoC5KuON/BiccDaCCTZBuOcfZs70kR8bQ==",
					"dev": true
				},
				"regenerator-runtime": {
					"version": "0.13.7",
					"resolved": "https://registry.npmjs.org/regenerator-runtime/-/regenerator-runtime-0.13.7.tgz",
					"integrity": "sha512-a54FxoJDIr27pgf7IgeQGxmqUNYrcV338lf/6gH456HZ/PhX+5BcwHXG9ajESmwe6WRO0tAzRUrRmNONWgkrew==",
					"dev": true
				}
			}
		},
		"react-test-renderer": {
			"version": "16.14.0",
			"resolved": "https://registry.npmjs.org/react-test-renderer/-/react-test-renderer-16.14.0.tgz",
			"integrity": "sha512-L8yPjqPE5CZO6rKsKXRO/rVPiaCOy0tQQJbC+UjPNlobl5mad59lvPjwFsQHTvL03caVDIVr9x9/OSgDe6I5Eg==",
			"dev": true,
			"requires": {
				"object-assign": "^4.1.1",
				"prop-types": "^15.6.2",
				"react-is": "^16.8.6",
				"scheduler": "^0.19.1"
			}
		},
		"redux": {
			"version": "4.0.5",
			"resolved": "https://registry.npmjs.org/redux/-/redux-4.0.5.tgz",
			"integrity": "sha512-VSz1uMAH24DM6MF72vcojpYPtrTUu3ByVWfPL1nPfVRb5mZVTve5GnNCUV53QM/BZ66xfWrm0CTWoM+Xlz8V1w==",
			"dev": true,
			"requires": {
				"loose-envify": "^1.4.0",
				"symbol-observable": "^1.2.0"
			},
			"dependencies": {
				"js-tokens": {
					"version": "4.0.0",
					"resolved": "https://registry.npmjs.org/js-tokens/-/js-tokens-4.0.0.tgz",
					"integrity": "sha512-RdJUflcE3cUzKiMqQgsCu06FPu9UdIJO0beYbPhHN4k6apgJtifcoCtT9bcxOpYBtpD2kCM6Sbzg4CausW/PKQ==",
					"dev": true
				},
				"loose-envify": {
					"version": "1.4.0",
					"resolved": "https://registry.npmjs.org/loose-envify/-/loose-envify-1.4.0.tgz",
					"integrity": "sha512-lyuxPGr/Wfhrlem2CL/UcnUc1zcqKAImBDzukY7Y5F/yQiNdko6+fRLevlw1HgMySw7f611UIY408EtxRSoK3Q==",
					"dev": true,
					"requires": {
						"js-tokens": "^3.0.0 || ^4.0.0"
					}
				},
				"symbol-observable": {
					"version": "1.2.0",
					"resolved": "https://registry.npmjs.org/symbol-observable/-/symbol-observable-1.2.0.tgz",
					"integrity": "sha512-e900nM8RRtGhlV36KGEU9k65K3mPb1WV70OdjfxlG2EAuM1noi/E/BaW/uMhL7bPEssK8QV57vN3esixjUvcXQ==",
					"dev": true
				}
			}
		},
		"redux-immutable-state-invariant": {
			"version": "2.1.0",
			"resolved": "https://registry.npmjs.org/redux-immutable-state-invariant/-/redux-immutable-state-invariant-2.1.0.tgz",
			"integrity": "sha512-3czbDKs35FwiBRsx/3KabUk5zSOoTXC+cgVofGkpBNv3jQcqIe5JrHcF5AmVt7B/4hyJ8MijBIpCJ8cife6yJg==",
			"dev": true,
			"requires": {
				"invariant": "^2.1.0",
				"json-stringify-safe": "^5.0.1"
			}
		},
		"regenerator-runtime": {
			"version": "0.13.9",
			"resolved": "https://registry.npmjs.org/regenerator-runtime/-/regenerator-runtime-0.13.9.tgz",
			"integrity": "sha512-p3VT+cOEgxFsRRA9X4lkI1E+k2/CtnKtU4gcxyaCUreilL/vqI6CdZ3wxVUx3UOUg+gnUOQQcRI7BmSI656MYA=="
		},
		"resize-observer-polyfill": {
			"version": "1.5.1",
			"resolved": "https://registry.npmjs.org/resize-observer-polyfill/-/resize-observer-polyfill-1.5.1.tgz",
			"integrity": "sha512-LwZrotdHOo12nQuZlHEmtuXdqGoOD0OhaxopaNFxWzInpEgaLWoVuAMbTzixuosCx2nEG58ngzW3vxdWoxIgdg=="
		},
		"resolve-pathname": {
			"version": "2.2.0",
			"resolved": "https://registry.npmjs.org/resolve-pathname/-/resolve-pathname-2.2.0.tgz",
			"integrity": "sha512-bAFz9ld18RzJfddgrO2e/0S2O81710++chRMUxHjXOYKF6jTAMrUNZrEZ1PvV0zlhfjidm08iRPdTLPno1FuRg=="
		},
		"scheduler": {
			"version": "0.19.1",
			"resolved": "https://registry.npmjs.org/scheduler/-/scheduler-0.19.1.tgz",
			"integrity": "sha512-n/zwRWRYSUj0/3g/otKDRPMh6qv2SYMWNq85IEa8iZyAv8od9zDYpGSnpBEjNgcMNq6Scbu5KfIPxNF72R/2EA==",
			"dev": true,
			"requires": {
				"loose-envify": "^1.1.0",
				"object-assign": "^4.1.1"
			}
		},
		"to-camel-case": {
			"version": "1.0.0",
			"resolved": "https://registry.npmjs.org/to-camel-case/-/to-camel-case-1.0.0.tgz",
			"integrity": "sha1-GlYFSy+daWKYzmamCJcyK29CPkY=",
			"requires": {
				"to-space-case": "^1.0.0"
			}
		},
		"to-no-case": {
			"version": "1.0.2",
			"resolved": "https://registry.npmjs.org/to-no-case/-/to-no-case-1.0.2.tgz",
			"integrity": "sha1-xyKQcWTvaxeBMsjmmTAhLRtKoWo="
		},
		"to-space-case": {
			"version": "1.0.0",
			"resolved": "https://registry.npmjs.org/to-space-case/-/to-space-case-1.0.0.tgz",
			"integrity": "sha1-sFLar7Gysp3HcM6gFj5ewOvJ/Bc=",
			"requires": {
				"to-no-case": "^1.0.0"
			}
		},
		"value-equal": {
			"version": "0.4.0",
			"resolved": "https://registry.npmjs.org/value-equal/-/value-equal-0.4.0.tgz",
			"integrity": "sha512-x+cYdNnaA3CxvMaTX0INdTCN8m8aF2uY9BvEqmxuYp8bL09cs/kWVQPVGcA35fMktdOsP69IgU7wFj/61dJHEw=="
		},
		"warning": {
			"version": "3.0.0",
			"resolved": "https://registry.npmjs.org/warning/-/warning-3.0.0.tgz",
			"integrity": "sha1-MuU3fLVy3kqwR1O9+IIcAe1gW3w=",
			"requires": {
				"loose-envify": "^1.0.0"
			}
		}
	}
}
